uuid: 0c601ceb-a509-47b8-a8ea-92db8fafe850
langcode: en
status: true
dependencies:
  config:
    - field.storage.right_side_block_entity.field_innerpage_right_side_block
    - paragraphs.paragraphs_type.right_side_block_content
  module:
    - entity_reference_revisions
    - webcomposer_right_side_block
id: right_side_block_entity.right_side_block_entity.field_innerpage_right_side_block
field_name: field_innerpage_right_side_block
entity_type: right_side_block_entity
bundle: right_side_block_entity
label: 'Inner Page right-side block'
description: 'Add items to an block entry.'
required: true
translatable: true
default_value: {  }
default_value_callback: ''
settings:
  handler: 'default:paragraph'
  handler_settings:
    target_bundles:
      right_side_block_content: right_side_block_content
    target_bundles_drag_drop:
      domain_management_configuration:
        weight: 6
        enabled: false
      floating_banner_item:
        weight: 7
        enabled: false
      right_side_block_content:
        enabled: true
        weight: 8
      social_media:
        weight: 9
        enabled: false
      sponsorship:
        weight: 10
        enabled: false
      slider_overlay_cmi:
        weight: 12
        enabled: false
      social_media_cmi:
        weight: 14
        enabled: false
      sponsor_cmi:
        weight: 16
        enabled: false
field_type: entity_reference_revisions
