uuid: 37e697e7-6da1-4e14-92e8-b22b5929444f
langcode: zh-hans
status: true
dependencies:
  config:
    - field.storage.node.field_right_side_block
    - node.type.page
id: node.page.field_right_side_block
field_name: field_right_side_block
entity_type: node
bundle: page
label: 'Inner Page Right-Side Block'
description: ''
required: false
translatable: true
default_value: {  }
default_value_callback: ''
settings:
  handler: views
  handler_settings:
    view:
      view_name: right_side_block
      display_name: entity_reference_1
      arguments: {  }
field_type: entity_reference
