uuid: 6de11266-575d-4dd3-8c3c-27916bbd6587
langcode: en
status: true
dependencies:
  config:
    - block_content.type.social_media_block
  module:
    - content_translation
third_party_settings:
  content_translation:
    enabled: true
id: block_content.social_media_block
target_entity_type_id: block_content
target_bundle: social_media_block
default_langcode: site_default
language_alterable: true
