uuid: 61670e69-b4d0-4c15-84e3-97ec349e7459
langcode: en
status: true
dependencies:
  module:
    - basic_auth
    - block
    - serialization
    - user
id: entity.block
plugin_id: 'entity:block'
granularity: method
configuration:
  GET:
    supported_formats:
      - json
    supported_auth:
      - basic_auth
      - cookie
