uuid: d509a43c-7eb8-4c6b-9556-c3d430691a0f
langcode: en
status: true
dependencies:
  config:
    - block_content.type.sponsorship_block
  module:
    - content_translation
third_party_settings:
  content_translation:
    enabled: true
id: block_content.sponsorship_block
target_entity_type_id: block_content
target_bundle: sponsorship_block
default_langcode: site_default
language_alterable: true
