uuid: f425fb7e-1796-4972-9c45-50165e1e33a9
langcode: en
status: true
dependencies:
  module:
    - entity_reference_revisions
    - paragraphs
    - webcomposer_right_side_block
id: right_side_block_entity.field_innerpage_right_side_block
field_name: field_innerpage_right_side_block
entity_type: right_side_block_entity
type: entity_reference_revisions
settings:
  target_type: paragraph
module: entity_reference_revisions
locked: false
cardinality: -1
translatable: true
indexes: {  }
persist_with_no_fields: false
custom_storage: false
