uuid: 6999b6a9-6f9b-4368-b9c8-c7640ca403b3
langcode: en
status: true
dependencies:
  content:
    - 'block_content:basic:4610234d-8a02-42e4-b896-330682a7df16'
  module:
    - block_content
  theme:
    - bartik
id: customheaderblock
theme: bartik
region: header
weight: 0
provider: null
plugin: 'block_content:4610234d-8a02-42e4-b896-330682a7df16'
settings:
  id: 'block_content:4610234d-8a02-42e4-b896-330682a7df16'
  label: 'Custom Header Block'
  provider: block_content
  label_display: visible
  status: true
  info: ''
  view_mode: full
visibility: {  }
