uuid: 3ff0042e-101e-41f0-a460-3c55fc2cad3e
langcode: en
status: true
dependencies:
  module:
    - content_translation
    - zedbet_front_blocks
third_party_settings:
  content_translation:
    enabled: true
    bundle_settings:
      untranslatable_fields_hide: '0'
id: zedbet_front_block.zedbet_front_block
target_entity_type_id: zedbet_front_block
target_bundle: zedbet_front_block
default_langcode: site_default
language_alterable: true
