uuid: 2af003b5-fda8-4a51-ac63-cc771a41df9b
langcode: ja
status: true
dependencies:
  module:
    - content_translation
    - zipang_desktop_blocks
third_party_settings:
  content_translation:
    enabled: true
    bundle_settings:
      untranslatable_fields_hide: '0'
id: zipang_desktop_block.zipang_desktop_block
target_entity_type_id: zipang_desktop_block
target_bundle: zipang_desktop_block
default_langcode: site_default
language_alterable: true
