uuid: f9cff7fe-f229-4480-9d28-cf73121c9595
langcode: en
status: true
dependencies:
  config:
    - field.storage.node.field_hide_right_side_block
    - node.type.page
id: node.page.field_hide_right_side_block
field_name: field_hide_right_side_block
entity_type: node
bundle: page
label: 'Show Right Side Block'
description: ''
required: false
translatable: true
default_value:
  -
    value: 0
default_value_callback: ''
settings:
  on_label: 'On'
  off_label: 'Off'
field_type: boolean
