uuid: 00a2aea7-f3ae-4893-bd0f-3f163d728fee
langcode: en
status: true
dependencies:
  module:
    - content_translation
    - entrypage_front_blocks
third_party_settings:
  content_translation:
    enabled: true
_core:
  default_config_hash: s-jMSOcIk80ux2NMsbWyWemLZtslK7km8Qa3EKa_I8s
id: entrypage_front_block.entrypage_front_block
target_entity_type_id: entrypage_front_block
target_bundle: entrypage_front_block
default_langcode: site_default
language_alterable: true
