uuid: 95e3da9e-d64d-4563-b4a4-6e4ffca7f073
langcode: en
status: true
dependencies:
  config:
    - block_content.type.sponsorship_block
  module:
    - content_translation
third_party_settings:
  content_translation:
    enabled: true
_core:
  default_config_hash: R1XjVHV8aVTZmudTmCNDw5j9N3rjOQBAi3St2hhJMLk
id: block_content.sponsorship_block
target_entity_type_id: block_content
target_bundle: sponsorship_block
default_langcode: site_default
language_alterable: true
